<Solution>
  <Folder Name="/src/">
    <Project Path="src/PoShared/PoShared.csproj" />
    <Project Path="src/PoMiniGames.Domain/PoMiniGames.Domain.csproj" />
    <Project Path="src/PoMiniGames.Application/PoMiniGames.Application.csproj" />
    <Project Path="src/PoMiniGames.Infrastructure/PoMiniGames.Infrastructure.csproj" />
    <Project Path="src/PoMiniGames.Client/PoMiniGamesClient.csproj" />
    <Project Path="src/PoMiniGames/PoMiniGames/PoMiniGames.csproj" />
  </Folder>
  <Folder Name="/src/PoMiniGames/" />
  <Folder Name="/tests/">
    <Project Path="tests/Shared/PoMiniGames.TestUtilities.csproj" />
    <Project Path="tests/E2EAPI/E2EAPI.csproj" />
    <Project Path="tests/E2EUI/E2EUI.csproj" />
    <Project Path="tests/IntegrationTests/IntegrationTests.csproj" />
    <Project Path="tests/UnitTests/UnitTests.csproj" />
  </Folder>
</Solution>
